{
  "name": "aintshop",
  "version": "1.0.8",
  "lockfileVersion": 1,
  "requires": true,
  "dependencies": {
    "mpvue": {
      "version": "1.4.2",
      "resolved": "https://registry.npmjs.org/mpvue/-/mpvue-1.4.2.tgz",
      "integrity": "sha512-LQKoMI595Cdq7bc+NL8D2FRxxBKJp/vTm0kYpJ7MaLY8zQ0RXoKDQPBKevjZQnhIu0aCnmlcKOK1PbUnnYa9SQ=="
    },
    "mpvue-citypicker": {
      "version": "1.0.2",
      "resolved": "https://registry.npmjs.org/mpvue-citypicker/-/mpvue-citypicker-1.0.2.tgz",
      "integrity": "sha512-/vMeKwV7TJYOIhcx5wZbLBwbLUPZpGlsuTV9EYWpBQZB3EXfyrxkCloBQH4Qe+GowxQtGFjLotNGfn1J19QFvg==",
      "requires": {
        "mpvue": "1.4.2"
      }
    }
  }
}
